
Microsoft Visual Studio Solution File, Format Version 12.00
Project("{2150E333-8FDC-42A3-9474-1A3956D46DE8}") = "src", "src", "{827E0CD3-B72D-47B6-A68D-7590B98EB39B}"
EndProject
Project("{FAE04EC0-301F-11D3-BF4B-00C04F79EFBC}") = "FastStart.UI", "src\FastStart.UI\FastStart.UI.csproj", "{D3AF7418-7C4F-49A7-BF0C-CBD2BC0CD838}"
EndProject
Project("{FAE04EC0-301F-11D3-BF4B-00C04F79EFBC}") = "FastStart.Core", "src\FastStart.Core\FastStart.Core.csproj", "{D59D6E6F-6D97-4E4E-BB2D-5BC6A906D759}"
EndProject
Project("{FAE04EC0-301F-11D3-BF4B-00C04F79EFBC}") = "FastStart.Data", "src\FastStart.Data\FastStart.Data.csproj", "{2200B8F1-FE40-4786-A277-D47143A4BD21}"
EndProject
Project("{FAE04EC0-301F-11D3-BF4B-00C04F79EFBC}") = "FastStart.Native", "src\FastStart.Native\FastStart.Native.csproj", "{3D8FDA2D-1919-45AA-B026-BFBA262F8669}"
EndProject
Project("{FAE04EC0-301F-11D3-BF4B-00C04F79EFBC}") = "FastStart.Tests", "tests\FastStart.Tests\FastStart.Tests.csproj", "{DFD18B2A-4083-47B5-B3A4-AC35661C2ADA}"
EndProject
Project("{FAE04EC0-301F-11D3-BF4B-00C04F79EFBC}") = "FastStart.Benchmarks", "tests\FastStart.Benchmarks\FastStart.Benchmarks.csproj", "{019AA068-AA45-40CD-92A6-C84613819CE7}"
EndProject
Global
	GlobalSection(SolutionConfigurationPlatforms) = preSolution
		Debug|Any CPU = Debug|Any CPU
		Debug|x64 = Debug|x64
		Debug|x86 = Debug|x86
		Release|Any CPU = Release|Any CPU
		Release|x64 = Release|x64
		Release|x86 = Release|x86
	EndGlobalSection
	GlobalSection(ProjectConfigurationPlatforms) = postSolution
		{D3AF7418-7C4F-49A7-BF0C-CBD2BC0CD838}.Debug|Any CPU.ActiveCfg = Debug|x64
		{D3AF7418-7C4F-49A7-BF0C-CBD2BC0CD838}.Debug|Any CPU.Build.0 = Debug|x64
		{D3AF7418-7C4F-49A7-BF0C-CBD2BC0CD838}.Debug|x64.ActiveCfg = Debug|x64
		{D3AF7418-7C4F-49A7-BF0C-CBD2BC0CD838}.Debug|x64.Build.0 = Debug|x64
		{D3AF7418-7C4F-49A7-BF0C-CBD2BC0CD838}.Debug|x86.ActiveCfg = Debug|x64
		{D3AF7418-7C4F-49A7-BF0C-CBD2BC0CD838}.Debug|x86.Build.0 = Debug|x64
		{D3AF7418-7C4F-49A7-BF0C-CBD2BC0CD838}.Release|Any CPU.ActiveCfg = Release|x64
		{D3AF7418-7C4F-49A7-BF0C-CBD2BC0CD838}.Release|Any CPU.Build.0 = Release|x64
		{D3AF7418-7C4F-49A7-BF0C-CBD2BC0CD838}.Release|x64.ActiveCfg = Release|x64
		{D3AF7418-7C4F-49A7-BF0C-CBD2BC0CD838}.Release|x64.Build.0 = Release|x64
		{D3AF7418-7C4F-49A7-BF0C-CBD2BC0CD838}.Release|x86.ActiveCfg = Release|x64
		{D3AF7418-7C4F-49A7-BF0C-CBD2BC0CD838}.Release|x86.Build.0 = Release|x64
		{D59D6E6F-6D97-4E4E-BB2D-5BC6A906D759}.Debug|Any CPU.ActiveCfg = Debug|Any CPU
		{D59D6E6F-6D97-4E4E-BB2D-5BC6A906D759}.Debug|Any CPU.Build.0 = Debug|Any CPU
		{D59D6E6F-6D97-4E4E-BB2D-5BC6A906D759}.Debug|x64.ActiveCfg = Debug|Any CPU
		{D59D6E6F-6D97-4E4E-BB2D-5BC6A906D759}.Debug|x64.Build.0 = Debug|Any CPU
		{D59D6E6F-6D97-4E4E-BB2D-5BC6A906D759}.Debug|x86.ActiveCfg = Debug|Any CPU
		{D59D6E6F-6D97-4E4E-BB2D-5BC6A906D759}.Debug|x86.Build.0 = Debug|Any CPU
		{D59D6E6F-6D97-4E4E-BB2D-5BC6A906D759}.Release|Any CPU.ActiveCfg = Release|Any CPU
		{D59D6E6F-6D97-4E4E-BB2D-5BC6A906D759}.Release|Any CPU.Build.0 = Release|Any CPU
		{D59D6E6F-6D97-4E4E-BB2D-5BC6A906D759}.Release|x64.ActiveCfg = Release|Any CPU
		{D59D6E6F-6D97-4E4E-BB2D-5BC6A906D759}.Release|x64.Build.0 = Release|Any CPU
		{D59D6E6F-6D97-4E4E-BB2D-5BC6A906D759}.Release|x86.ActiveCfg = Release|Any CPU
		{D59D6E6F-6D97-4E4E-BB2D-5BC6A906D759}.Release|x86.Build.0 = Release|Any CPU
		{2200B8F1-FE40-4786-A277-D47143A4BD21}.Debug|Any CPU.ActiveCfg = Debug|Any CPU
		{2200B8F1-FE40-4786-A277-D47143A4BD21}.Debug|Any CPU.Build.0 = Debug|Any CPU
		{2200B8F1-FE40-4786-A277-D47143A4BD21}.Debug|x64.ActiveCfg = Debug|Any CPU
		{2200B8F1-FE40-4786-A277-D47143A4BD21}.Debug|x64.Build.0 = Debug|Any CPU
		{2200B8F1-FE40-4786-A277-D47143A4BD21}.Debug|x86.ActiveCfg = Debug|Any CPU
		{2200B8F1-FE40-4786-A277-D47143A4BD21}.Debug|x86.Build.0 = Debug|Any CPU
		{2200B8F1-FE40-4786-A277-D47143A4BD21}.Release|Any CPU.ActiveCfg = Release|Any CPU
		{2200B8F1-FE40-4786-A277-D47143A4BD21}.Release|Any CPU.Build.0 = Release|Any CPU
		{2200B8F1-FE40-4786-A277-D47143A4BD21}.Release|x64.ActiveCfg = Release|Any CPU
		{2200B8F1-FE40-4786-A277-D47143A4BD21}.Release|x64.Build.0 = Release|Any CPU
		{2200B8F1-FE40-4786-A277-D47143A4BD21}.Release|x86.ActiveCfg = Release|Any CPU
		{2200B8F1-FE40-4786-A277-D47143A4BD21}.Release|x86.Build.0 = Release|Any CPU
		{3D8FDA2D-1919-45AA-B026-BFBA262F8669}.Debug|Any CPU.ActiveCfg = Debug|Any CPU
		{3D8FDA2D-1919-45AA-B026-BFBA262F8669}.Debug|Any CPU.Build.0 = Debug|Any CPU
		{3D8FDA2D-1919-45AA-B026-BFBA262F8669}.Debug|x64.ActiveCfg = Debug|Any CPU
		{3D8FDA2D-1919-45AA-B026-BFBA262F8669}.Debug|x64.Build.0 = Debug|Any CPU
		{3D8FDA2D-1919-45AA-B026-BFBA262F8669}.Debug|x86.ActiveCfg = Debug|Any CPU
		{3D8FDA2D-1919-45AA-B026-BFBA262F8669}.Debug|x86.Build.0 = Debug|Any CPU
		{3D8FDA2D-1919-45AA-B026-BFBA262F8669}.Release|Any CPU.ActiveCfg = Release|Any CPU
		{3D8FDA2D-1919-45AA-B026-BFBA262F8669}.Release|Any CPU.Build.0 = Release|Any CPU
		{3D8FDA2D-1919-45AA-B026-BFBA262F8669}.Release|x64.ActiveCfg = Release|Any CPU
		{3D8FDA2D-1919-45AA-B026-BFBA262F8669}.Release|x64.Build.0 = Release|Any CPU
		{3D8FDA2D-1919-45AA-B026-BFBA262F8669}.Release|x86.ActiveCfg = Release|Any CPU
		{3D8FDA2D-1919-45AA-B026-BFBA262F8669}.Release|x86.Build.0 = Release|Any CPU
		{DFD18B2A-4083-47B5-B3A4-AC35661C2ADA}.Debug|Any CPU.ActiveCfg = Debug|Any CPU
		{DFD18B2A-4083-47B5-B3A4-AC35661C2ADA}.Debug|Any CPU.Build.0 = Debug|Any CPU
		{DFD18B2A-4083-47B5-B3A4-AC35661C2ADA}.Debug|x64.ActiveCfg = Debug|Any CPU
		{DFD18B2A-4083-47B5-B3A4-AC35661C2ADA}.Debug|x64.Build.0 = Debug|Any CPU
		{DFD18B2A-4083-47B5-B3A4-AC35661C2ADA}.Debug|x86.ActiveCfg = Debug|Any CPU
		{DFD18B2A-4083-47B5-B3A4-AC35661C2ADA}.Debug|x86.Build.0 = Debug|Any CPU
		{DFD18B2A-4083-47B5-B3A4-AC35661C2ADA}.Release|Any CPU.ActiveCfg = Release|Any CPU
		{DFD18B2A-4083-47B5-B3A4-AC35661C2ADA}.Release|Any CPU.Build.0 = Release|Any CPU
		{DFD18B2A-4083-47B5-B3A4-AC35661C2ADA}.Release|x64.ActiveCfg = Release|Any CPU
		{DFD18B2A-4083-47B5-B3A4-AC35661C2ADA}.Release|x64.Build.0 = Release|Any CPU
		{DFD18B2A-4083-47B5-B3A4-AC35661C2ADA}.Release|x86.ActiveCfg = Release|Any CPU
		{DFD18B2A-4083-47B5-B3A4-AC35661C2ADA}.Release|x86.Build.0 = Release|Any CPU
		{019AA068-AA45-40CD-92A6-C84613819CE7}.Debug|Any CPU.ActiveCfg = Debug|Any CPU
		{019AA068-AA45-40CD-92A6-C84613819CE7}.Debug|Any CPU.Build.0 = Debug|Any CPU
		{019AA068-AA45-40CD-92A6-C84613819CE7}.Debug|x64.ActiveCfg = Debug|Any CPU
		{019AA068-AA45-40CD-92A6-C84613819CE7}.Debug|x64.Build.0 = Debug|Any CPU
		{019AA068-AA45-40CD-92A6-C84613819CE7}.Debug|x86.ActiveCfg = Debug|Any CPU
		{019AA068-AA45-40CD-92A6-C84613819CE7}.Debug|x86.Build.0 = Debug|Any CPU
		{019AA068-AA45-40CD-92A6-C84613819CE7}.Release|Any CPU.ActiveCfg = Release|Any CPU
		{019AA068-AA45-40CD-92A6-C84613819CE7}.Release|Any CPU.Build.0 = Release|Any CPU
		{019AA068-AA45-40CD-92A6-C84613819CE7}.Release|x64.ActiveCfg = Release|Any CPU
		{019AA068-AA45-40CD-92A6-C84613819CE7}.Release|x64.Build.0 = Release|Any CPU
		{019AA068-AA45-40CD-92A6-C84613819CE7}.Release|x86.ActiveCfg = Release|Any CPU
		{019AA068-AA45-40CD-92A6-C84613819CE7}.Release|x86.Build.0 = Release|Any CPU
	EndGlobalSection
	GlobalSection(SolutionProperties) = preSolution
		HideSolutionNode = FALSE
	EndGlobalSection
	GlobalSection(NestedProjects) = preSolution
		{D3AF7418-7C4F-49A7-BF0C-CBD2BC0CD838} = {827E0CD3-B72D-47B6-A68D-7590B98EB39B}
		{D59D6E6F-6D97-4E4E-BB2D-5BC6A906D759} = {827E0CD3-B72D-47B6-A68D-7590B98EB39B}
		{2200B8F1-FE40-4786-A277-D47143A4BD21} = {827E0CD3-B72D-47B6-A68D-7590B98EB39B}
		{3D8FDA2D-1919-45AA-B026-BFBA262F8669} = {827E0CD3-B72D-47B6-A68D-7590B98EB39B}
		{DFD18B2A-4083-47B5-B3A4-AC35661C2ADA} = {827E0CD3-B72D-47B6-A68D-7590B98EB39B}
		{019AA068-AA45-40CD-92A6-C84613819CE7} = {827E0CD3-B72D-47B6-A68D-7590B98EB39B}
	EndGlobalSection
EndGlobal
